github.com/matehaxor03/holistic_common v0.0.38 h1:YbYg49UAdNVJuagPR0MfPgmUEBRJaIrFyeXvg5YImXE=
github.com/matehaxor03/holistic_common v0.0.38/go.mod h1:Fduzjeq/XqKGCdJsBedOS7DzfwQOqTGJtS8T2zQjeCY=
github.com/matehaxor03/holistic_common v0.0.39 h1:IbDfdJHLZywBkilqSlKGEF2qzvXSrKYHdB91/N5h6XA=
github.com/matehaxor03/holistic_common v0.0.39/go.mod h1:Fduzjeq/XqKGCdJsBedOS7DzfwQOqTGJtS8T2zQjeCY=
github.com/matehaxor03/holistic_db_client v0.0.432 h1:d6F+Pabj4rn8OQ+KAHyhMYY+vqjG3vwdg7lZ8losu84=
github.com/matehaxor03/holistic_db_client v0.0.432/go.mod h1:iY9w674zMgmD2GxByO9b71hgoiTWc3ciYwkhe1Byo0E=
github.com/matehaxor03/holistic_db_client v0.0.433 h1:6uePECGl85PFby5sdbQmRk9f5JJ1Ta8o+GRTLN7xGxc=
github.com/matehaxor03/holistic_db_client v0.0.433/go.mod h1:iY9w674zMgmD2GxByO9b71hgoiTWc3ciYwkhe1Byo0E=
github.com/matehaxor03/holistic_db_client v0.0.434 h1:/ugxV/KVIvmHegxYWDdMExkWI9ClfHNqJxtmGtLn8BM=
github.com/matehaxor03/holistic_db_client v0.0.434/go.mod h1:iY9w674zMgmD2GxByO9b71hgoiTWc3ciYwkhe1Byo0E=
github.com/matehaxor03/holistic_db_client v0.0.435 h1:i7Aq4YNAu2Jg2HjqqtrOqySfaE6rlq7hBVPG2qPVZ2k=
github.com/matehaxor03/holistic_db_client v0.0.435/go.mod h1:iY9w674zMgmD2GxByO9b71hgoiTWc3ciYwkhe1Byo0E=
github.com/matehaxor03/holistic_db_client v0.0.436 h1:ydeST1ctJpUgS9iNWadpUggtAVU328gZFmPhK/+/Tos=
github.com/matehaxor03/holistic_db_client v0.0.436/go.mod h1:bj8uoamXHFMRYxjG9FmidJh9Nowrj8bW+aTHGspHyQo=
github.com/matehaxor03/holistic_db_client v0.0.437 h1:seJ32s06rb6o05DoD3Ldq3Q3CSwCeZGueLjqWO8Xg0o=
github.com/matehaxor03/holistic_db_client v0.0.437/go.mod h1:oeo690p3t8yRhr6ze3W+HzdfbQdNSSUrUmAUl08wHw4=
github.com/matehaxor03/holistic_db_client v0.0.438 h1:GxAIlWOieV0h1MZA/TUgfzuM68FTayuLFAAwfI3+HH4=
github.com/matehaxor03/holistic_db_client v0.0.438/go.mod h1:oeo690p3t8yRhr6ze3W+HzdfbQdNSSUrUmAUl08wHw4=
github.com/matehaxor03/holistic_db_client v0.0.439 h1:V8luEsTR/7AuN3qpeJ7qCOSUnsq6+1qQMHl/PoflS3c=
github.com/matehaxor03/holistic_db_client v0.0.439/go.mod h1:gszh7RWXWSUaEPy0vq9GYxF+bGt4oHymRiyalYHLIDw=
github.com/matehaxor03/holistic_db_client v0.0.440 h1:+1d15HUisAcNYzHzuPT8FdEsG/FZshnMwU0yb1FiH9U=
github.com/matehaxor03/holistic_db_client v0.0.440/go.mod h1:gszh7RWXWSUaEPy0vq9GYxF+bGt4oHymRiyalYHLIDw=
github.com/matehaxor03/holistic_db_client v0.0.441 h1:NzkwysEzAGkhxksNEnfau7aGb6YdMOXkbhga324cxmM=
github.com/matehaxor03/holistic_db_client v0.0.441/go.mod h1:W32Eb2+Jk6i4u8QPqihpJQWlgT+o1unlygyTVUYJs80=
github.com/matehaxor03/holistic_http v0.0.8 h1:pY+849bUU5t6rAImHQsLYrL8L8wnFNNVGVxNhoL8yP4=
github.com/matehaxor03/holistic_http v0.0.8/go.mod h1:JQRcgOShF55sB+a45y+pQ+DPZHUF/NzPhf1+wWZmJ5o=
github.com/matehaxor03/holistic_http v0.0.9 h1:i1j9HscsvhRKJjqqKzU1J+5KBOfTxoZP58hQ6hF2ABE=
github.com/matehaxor03/holistic_http v0.0.9/go.mod h1:JQRcgOShF55sB+a45y+pQ+DPZHUF/NzPhf1+wWZmJ5o=
github.com/matehaxor03/holistic_http v0.0.10 h1:Uz17ieD7C5so7HtyslSz2IaxF/vMwx9cXgKvXYeMlgQ=
github.com/matehaxor03/holistic_http v0.0.10/go.mod h1:WTuwm6pWWJcqGytu43m34lkadNLjIgqZigc+fpDAYNw=
github.com/matehaxor03/holistic_http v0.0.11 h1:VbE+OJ5ny84qfpzdYncCeb0elzxuEjHDAJ1qGw4KO/M=
github.com/matehaxor03/holistic_http v0.0.11/go.mod h1:WTuwm6pWWJcqGytu43m34lkadNLjIgqZigc+fpDAYNw=
github.com/matehaxor03/holistic_json v0.0.42 h1:nMWvgSL7KNh03hy8PfmPUOADDG72fG1Qjz3p9l/QE9s=
github.com/matehaxor03/holistic_json v0.0.42/go.mod h1:zO4QCYw5tqmQGy9e+yDVJDcNbqYcIoN7s5Om4OS2mPc=
github.com/matehaxor03/holistic_json v0.0.43 h1:RIMPYZv+eh9RYuN8LgheJg68yNaRwn2rvEt5aTUhlfs=
github.com/matehaxor03/holistic_json v0.0.43/go.mod h1:zO4QCYw5tqmQGy9e+yDVJDcNbqYcIoN7s5Om4OS2mPc=
github.com/matehaxor03/holistic_json v0.0.44 h1:h8SjDlTA+dWJw6sw94yedKxp8yACHQq8Rdi6JhwkIdM=
github.com/matehaxor03/holistic_json v0.0.44/go.mod h1:zO4QCYw5tqmQGy9e+yDVJDcNbqYcIoN7s5Om4OS2mPc=
github.com/matehaxor03/holistic_json v0.0.45 h1:G6N2Bom5IOeuCG7vK+f8ErNffK9q+w3Wv5f8afJzOGQ=
github.com/matehaxor03/holistic_json v0.0.45/go.mod h1:zO4QCYw5tqmQGy9e+yDVJDcNbqYcIoN7s5Om4OS2mPc=
github.com/matehaxor03/holistic_json v0.0.46 h1:3C8ByQPXfVEOVK1Jrd9SoOUTchzlckSWFvoUsXyFgTk=
github.com/matehaxor03/holistic_json v0.0.46/go.mod h1:zO4QCYw5tqmQGy9e+yDVJDcNbqYcIoN7s5Om4OS2mPc=
github.com/matehaxor03/holistic_json v0.0.47 h1:OH5XC22k8TvgMJ8PI3iEvo3DKhbeNYYEJUB4fz/s6Mc=
github.com/matehaxor03/holistic_json v0.0.47/go.mod h1:zO4QCYw5tqmQGy9e+yDVJDcNbqYcIoN7s5Om4OS2mPc=
github.com/matehaxor03/holistic_json v0.0.48 h1:UTzujreWRxcCc9zA/r5Rep28BZjQE/MXmq23bk8G9S0=
github.com/matehaxor03/holistic_json v0.0.48/go.mod h1:zO4QCYw5tqmQGy9e+yDVJDcNbqYcIoN7s5Om4OS2mPc=
github.com/matehaxor03/holistic_json v0.0.49 h1:BvTVOfHn3w9MVOS8aL0tsdBUypwaGFJgWSbYZMqlgAQ=
github.com/matehaxor03/holistic_json v0.0.49/go.mod h1:zO4QCYw5tqmQGy9e+yDVJDcNbqYcIoN7s5Om4OS2mPc=
github.com/matehaxor03/holistic_json v0.0.50 h1:yNBNeWILhYULIaDzjQW51e0fJ48wUc3FAe7PAfCsqHQ=
github.com/matehaxor03/holistic_json v0.0.50/go.mod h1:zO4QCYw5tqmQGy9e+yDVJDcNbqYcIoN7s5Om4OS2mPc=
github.com/matehaxor03/holistic_thread_safe v0.0.1 h1:OdmyUHTaMuucdkTfnGLiKUGpa/rH3xuRhdD+wXQrtI4=
github.com/matehaxor03/holistic_thread_safe v0.0.1/go.mod h1:KqLl68oFJVeyycjI6LRDPJltEZ4ViqjLEnLglt1RBLs=
